
Microsoft Visual Studio Solution File, Format Version 12.00
# Visual Studio Version 16
VisualStudioVersion = 16.0.30611.23
MinimumVisualStudioVersion = 10.0.40219.1
Project("{FAE04EC0-301F-11D3-BF4B-00C04F79EFBC}") = "Task_3_Forms", "Task_3_Forms\Task_3_Forms.csproj", "{685C6251-3197-4F2D-8D29-1D8D44323F10}"
EndProject
Global
	GlobalSection(SolutionConfigurationPlatforms) = preSolution
		Debug|Any CPU = Debug|Any CPU
		Release|Any CPU = Release|Any CPU
	EndGlobalSection
	GlobalSection(ProjectConfigurationPlatforms) = postSolution
		{685C6251-3197-4F2D-8D29-1D8D44323F10}.Debug|Any CPU.ActiveCfg = Debug|Any CPU
		{685C6251-3197-4F2D-8D29-1D8D44323F10}.Debug|Any CPU.Build.0 = Debug|Any CPU
		{685C6251-3197-4F2D-8D29-1D8D44323F10}.Release|Any CPU.ActiveCfg = Release|Any CPU
		{685C6251-3197-4F2D-8D29-1D8D44323F10}.Release|Any CPU.Build.0 = Release|Any CPU
	EndGlobalSection
	GlobalSection(SolutionProperties) = preSolution
		HideSolutionNode = FALSE
	EndGlobalSection
	GlobalSection(ExtensibilityGlobals) = postSolution
		SolutionGuid = {D5E0C115-D0B1-4BBA-9ABB-EC45878F9731}
	EndGlobalSection
EndGlobal
